
Microsoft Visual Studio Solution File, Format Version 12.00
# Visual Studio Version 17
VisualStudioVersion = 17.6.33815.320
MinimumVisualStudioVersion = 10.0.40219.1
Project("{FAE04EC0-301F-11D3-BF4B-00C04F79EFBC}") = "Array", "Array\Array.csproj", "{0D370675-23B5-43FA-9E71-C064D653E54F}"
EndProject
Global
	GlobalSection(SolutionConfigurationPlatforms) = preSolution
		Debug|Any CPU = Debug|Any CPU
		Release|Any CPU = Release|Any CPU
	EndGlobalSection
	GlobalSection(ProjectConfigurationPlatforms) = postSolution
		{0D370675-23B5-43FA-9E71-C064D653E54F}.Debug|Any CPU.ActiveCfg = Debug|Any CPU
		{0D370675-23B5-43FA-9E71-C064D653E54F}.Debug|Any CPU.Build.0 = Debug|Any CPU
		{0D370675-23B5-43FA-9E71-C064D653E54F}.Release|Any CPU.ActiveCfg = Release|Any CPU
		{0D370675-23B5-43FA-9E71-C064D653E54F}.Release|Any CPU.Build.0 = Release|Any CPU
	EndGlobalSection
	GlobalSection(SolutionProperties) = preSolution
		HideSolutionNode = FALSE
	EndGlobalSection
	GlobalSection(ExtensibilityGlobals) = postSolution
		SolutionGuid = {7DA540BF-FDBE-4DF7-A8B1-D9BA5151B0AC}
	EndGlobalSection
EndGlobal
