
Microsoft Visual Studio Solution File, Format Version 12.00
# Visual Studio Version 17
VisualStudioVersion = 17.6.33815.320
MinimumVisualStudioVersion = 10.0.40219.1
Project("{FAE04EC0-301F-11D3-BF4B-00C04F79EFBC}") = "ConsoleApp1", "ConsoleApp1\ConsoleApp1.csproj", "{CFBB2982-0A79-48DD-842B-E777217A61AE}"
EndProject
Global
	GlobalSection(SolutionConfigurationPlatforms) = preSolution
		Debug|Any CPU = Debug|Any CPU
		Release|Any CPU = Release|Any CPU
	EndGlobalSection
	GlobalSection(ProjectConfigurationPlatforms) = postSolution
		{CFBB2982-0A79-48DD-842B-E777217A61AE}.Debug|Any CPU.ActiveCfg = Debug|Any CPU
		{CFBB2982-0A79-48DD-842B-E777217A61AE}.Debug|Any CPU.Build.0 = Debug|Any CPU
		{CFBB2982-0A79-48DD-842B-E777217A61AE}.Release|Any CPU.ActiveCfg = Release|Any CPU
		{CFBB2982-0A79-48DD-842B-E777217A61AE}.Release|Any CPU.Build.0 = Release|Any CPU
	EndGlobalSection
	GlobalSection(SolutionProperties) = preSolution
		HideSolutionNode = FALSE
	EndGlobalSection
	GlobalSection(ExtensibilityGlobals) = postSolution
		SolutionGuid = {DCB62FD2-775F-45EA-8E3D-34ED057B2328}
	EndGlobalSection
EndGlobal
