
Microsoft Visual Studio Solution File, Format Version 12.00
# Visual Studio Version 17
VisualStudioVersion = 17.6.33815.320
MinimumVisualStudioVersion = 10.0.40219.1
Project("{FAE04EC0-301F-11D3-BF4B-00C04F79EFBC}") = "LINQ", "LINQ\LINQ.csproj", "{82108F27-AF0C-4F96-95B4-F9D46A03AC9B}"
EndProject
Global
	GlobalSection(SolutionConfigurationPlatforms) = preSolution
		Debug|Any CPU = Debug|Any CPU
		Release|Any CPU = Release|Any CPU
	EndGlobalSection
	GlobalSection(ProjectConfigurationPlatforms) = postSolution
		{82108F27-AF0C-4F96-95B4-F9D46A03AC9B}.Debug|Any CPU.ActiveCfg = Debug|Any CPU
		{82108F27-AF0C-4F96-95B4-F9D46A03AC9B}.Debug|Any CPU.Build.0 = Debug|Any CPU
		{82108F27-AF0C-4F96-95B4-F9D46A03AC9B}.Release|Any CPU.ActiveCfg = Release|Any CPU
		{82108F27-AF0C-4F96-95B4-F9D46A03AC9B}.Release|Any CPU.Build.0 = Release|Any CPU
	EndGlobalSection
	GlobalSection(SolutionProperties) = preSolution
		HideSolutionNode = FALSE
	EndGlobalSection
	GlobalSection(ExtensibilityGlobals) = postSolution
		SolutionGuid = {0B635280-716B-474B-9C3C-3130A2B5F0B0}
	EndGlobalSection
EndGlobal
