
Microsoft Visual Studio Solution File, Format Version 12.00
# Visual Studio Version 17
VisualStudioVersion = 17.6.33815.320
MinimumVisualStudioVersion = 10.0.40219.1
Project("{FAE04EC0-301F-11D3-BF4B-00C04F79EFBC}") = "QueryString", "QueryString\QueryString.csproj", "{B5EE739B-E879-4C41-9B98-7111D1F9989E}"
EndProject
Global
	GlobalSection(SolutionConfigurationPlatforms) = preSolution
		Debug|Any CPU = Debug|Any CPU
		Release|Any CPU = Release|Any CPU
	EndGlobalSection
	GlobalSection(ProjectConfigurationPlatforms) = postSolution
		{B5EE739B-E879-4C41-9B98-7111D1F9989E}.Debug|Any CPU.ActiveCfg = Debug|Any CPU
		{B5EE739B-E879-4C41-9B98-7111D1F9989E}.Debug|Any CPU.Build.0 = Debug|Any CPU
		{B5EE739B-E879-4C41-9B98-7111D1F9989E}.Release|Any CPU.ActiveCfg = Release|Any CPU
		{B5EE739B-E879-4C41-9B98-7111D1F9989E}.Release|Any CPU.Build.0 = Release|Any CPU
	EndGlobalSection
	GlobalSection(SolutionProperties) = preSolution
		HideSolutionNode = FALSE
	EndGlobalSection
	GlobalSection(ExtensibilityGlobals) = postSolution
		SolutionGuid = {A306B032-7524-4C44-A8BF-EB6C06F8DF6A}
	EndGlobalSection
EndGlobal
